
Microsoft Visual Studio Solution File, Format Version 12.00
# Visual Studio Version 17
VisualStudioVersion = 17.7.34202.233
MinimumVisualStudioVersion = 10.0.40219.1
Project("{FAE04EC0-301F-11D3-BF4B-00C04F79EFBC}") = "ProDesign", "ProDesign\ProDesign.csproj", "{5E818B28-33FE-45F8-A2DC-4458E0CEC97B}"
EndProject
Global
	GlobalSection(SolutionConfigurationPlatforms) = preSolution
		Debug|Any CPU = Debug|Any CPU
		Release|Any CPU = Release|Any CPU
	EndGlobalSection
	GlobalSection(ProjectConfigurationPlatforms) = postSolution
		{5E818B28-33FE-45F8-A2DC-4458E0CEC97B}.Debug|Any CPU.ActiveCfg = Debug|Any CPU
		{5E818B28-33FE-45F8-A2DC-4458E0CEC97B}.Debug|Any CPU.Build.0 = Debug|Any CPU
		{5E818B28-33FE-45F8-A2DC-4458E0CEC97B}.Release|Any CPU.ActiveCfg = Release|Any CPU
		{5E818B28-33FE-45F8-A2DC-4458E0CEC97B}.Release|Any CPU.Build.0 = Release|Any CPU
	EndGlobalSection
	GlobalSection(SolutionProperties) = preSolution
		HideSolutionNode = FALSE
	EndGlobalSection
	GlobalSection(ExtensibilityGlobals) = postSolution
		SolutionGuid = {8F50983D-AA74-4CAA-ABF7-8D5BA20719EA}
	EndGlobalSection
EndGlobal
